{
  "name": "FE-should-know",
  "version": "1.0.0",
  "lockfileVersion": 2,
  "requires": true,
  "packages": {
    "": {
      "name": "FE-should-know",
      "version": "1.0.0",
      "license": "ISC",
      "dependencies": {
        "markdown-table": "^3.0.2",
        "node-fetch": "^2.6.0",
        "npm-api": "^1.0.1"
      },
      "devDependencies": {
        "@rollup/plugin-commonjs": "^23.0.2",
        "@rollup/plugin-json": "^5.0.1",
        "@rollup/plugin-node-resolve": "^15.0.1",
        "@types/node": "^18.11.9",
        "rollup": "^2.79.1",
        "rollup-plugin-clear": "^2.0.7",
        "rollup-plugin-typescript2": "^0.34.1",
        "typescript": "^4.9.3"
      }
    },
    "node_modules/@rollup/plugin-commonjs": {
      "version": "23.0.2",
      "resolved": "http://registry.m.jd.com/@rollup/plugin-commonjs/download/@rollup/plugin-commonjs-23.0.2.tgz",
      "integrity": "sha1-OjpbexscspA360mS7cqumX1+vZI=",
      "dev": true,
      "dependencies": {
        "@rollup/pluginutils": "^5.0.1",
        "commondir": "^1.0.1",
        "estree-walker": "^2.0.2",
        "glob": "^8.0.3",
        "is-reference": "1.2.1",
        "magic-string": "^0.26.4"
      },
      "engines": {
        "node": ">=14.0.0"
      },
      "peerDependencies": {
        "rollup": "^2.68.0||^3.0.0"
      }
    },
    "node_modules/@rollup/plugin-json": {
      "version": "5.0.1",
      "resolved": "http://registry.m.jd.com/@rollup/plugin-json/download/@rollup/plugin-json-5.0.1.tgz",
      "integrity": "sha1-1c1nzIPt5ClnRH36u+G+RaCR9bc=",
      "dev": true,
      "dependencies": {
        "@rollup/pluginutils": "^5.0.1"
      },
      "engines": {
        "node": ">=14.0.0"
      },
      "peerDependencies": {
        "rollup": "^1.20.0||^2.0.0||^3.0.0"
      }
    },
    "node_modules/@rollup/plugin-node-resolve": {
      "version": "15.0.1",
      "resolved": "http://registry.m.jd.com/@rollup/plugin-node-resolve/download/@rollup/plugin-node-resolve-15.0.1.tgz",
      "integrity": "sha1-cr5Em44G9jZxaNWzzV4oAuAkiXE=",
      "dev": true,
      "dependencies": {
        "@rollup/pluginutils": "^5.0.1",
        "@types/resolve": "1.20.2",
        "deepmerge": "^4.2.2",
        "is-builtin-module": "^3.2.0",
        "is-module": "^1.0.0",
        "resolve": "^1.22.1"
      },
      "engines": {
        "node": ">=14.0.0"
      },
      "peerDependencies": {
        "rollup": "^2.78.0||^3.0.0"
      }
    },
    "node_modules/@rollup/pluginutils": {
      "version": "5.0.2",
      "resolved": "http://registry.m.jd.com/@rollup/pluginutils/download/@rollup/pluginutils-5.0.2.tgz",
      "integrity": "sha1-ASuPU8ceT2+csxfjEd8UBPVuejM=",
      "dev": true,
      "dependencies": {
        "@types/estree": "^1.0.0",
        "estree-walker": "^2.0.2",
        "picomatch": "^2.3.1"
      },
      "engines": {
        "node": ">=14.0.0"
      },
      "peerDependencies": {
        "rollup": "^1.20.0||^2.0.0||^3.0.0"
      }
    },
    "node_modules/@types/estree": {
      "version": "1.0.0",
      "resolved": "http://registry.m.jd.com/@types/estree/download/@types/estree-1.0.0.tgz",
      "integrity": "sha1-X7LlNsGum/NTZu7Yeegn+lnKQcI=",
      "dev": true
    },
    "node_modules/@types/node": {
      "version": "18.11.9",
      "resolved": "http://registry.m.jd.com/@types/node/download/@types/node-18.11.9.tgz",
      "integrity": "sha1-AtAT3nBYzqFtNhaO8vxlNGTPutQ=",
      "dev": true
    },
    "node_modules/@types/resolve": {
      "version": "1.20.2",
      "resolved": "http://registry.m.jd.com/@types/resolve/download/@types/resolve-1.20.2.tgz",
      "integrity": "sha1-l9JuAM1KBCO0r2IKvs8+b0QreXU=",
      "dev": true
    },
    "node_modules/axios": {
      "version": "0.21.4",
      "resolved": "http://registry.m.jd.com/axios/download/axios-0.21.4.tgz",
      "integrity": "sha1-xnuQ3AVo5cHPKwuFjEO6KOLtpXU=",
      "dependencies": {
        "follow-redirects": "^1.14.0"
      }
    },
    "node_modules/balanced-match": {
      "version": "1.0.2",
      "resolved": "http://registry.m.jd.com/balanced-match/download/balanced-match-1.0.2.tgz",
      "integrity": "sha1-6D46fj8wCzTLnYf2FfoMvzV2kO4=",
      "dev": true
    },
    "node_modules/brace-expansion": {
      "version": "2.0.1",
      "resolved": "http://registry.m.jd.com/brace-expansion/download/brace-expansion-2.0.1.tgz",
      "integrity": "sha1-HtxFng8MVISG7Pn8mfIiE2S5oK4=",
      "dev": true,
      "dependencies": {
        "balanced-match": "^1.0.0"
      }
    },
    "node_modules/builtin-modules": {
      "version": "3.3.0",
      "resolved": "http://registry.m.jd.com/builtin-modules/download/builtin-modules-3.3.0.tgz",
      "integrity": "sha1-yuYoEriYAellYzbkYiPgMDhr57Y=",
      "dev": true,
      "engines": {
        "node": ">=6"
      }
    },
    "node_modules/clone-deep": {
      "version": "4.0.1",
      "resolved": "http://registry.m.jd.com/clone-deep/download/clone-deep-4.0.1.tgz",
      "integrity": "sha1-wZ/Zvbv4WUK0/ZechNz31fB8I4c=",
      "dependencies": {
        "is-plain-object": "^2.0.4",
        "kind-of": "^6.0.2",
        "shallow-clone": "^3.0.0"
      },
      "engines": {
        "node": ">=6"
      }
    },
    "node_modules/commondir": {
      "version": "1.0.1",
      "resolved": "http://registry.m.jd.com/commondir/download/commondir-1.0.1.tgz",
      "integrity": "sha1-3dgA2gxmEnOTzKWVDqloo6rxJTs=",
      "dev": true
    },
    "node_modules/concat-map": {
      "version": "0.0.1",
      "resolved": "http://registry.m.jd.com/concat-map/download/concat-map-0.0.1.tgz",
      "integrity": "sha1-2Klr13/Wjfd5OnMDajug1UBdR3s=",
      "dev": true
    },
    "node_modules/deepmerge": {
      "version": "4.2.2",
      "resolved": "http://registry.m.jd.com/deepmerge/download/deepmerge-4.2.2.tgz",
      "integrity": "sha1-RNLqNnm49NT/ujPwPYZfwee/SVU=",
      "dev": true,
      "engines": {
        "node": ">=0.10.0"
      }
    },
    "node_modules/download-stats": {
      "version": "0.3.4",
      "resolved": "http://registry.m.jd.com/download-stats/download/download-stats-0.3.4.tgz",
      "integrity": "sha1-Z+oMMvFKzZ9jnacE7vUJaEui2uc=",
      "dependencies": {
        "JSONStream": "^1.2.1",
        "lazy-cache": "^2.0.1",
        "moment": "^2.15.1"
      },
      "engines": {
        "node": ">=0.10.0"
      }
    },
    "node_modules/estree-walker": {
      "version": "2.0.2",
      "resolved": "http://registry.m.jd.com/estree-walker/download/estree-walker-2.0.2.tgz",
      "integrity": "sha1-UvAQF4wqTBF6d1fP6UKtt9LaTKw=",
      "dev": true
    },
    "node_modules/find-cache-dir": {
      "version": "3.3.2",
      "resolved": "http://registry.m.jd.com/find-cache-dir/download/find-cache-dir-3.3.2.tgz",
      "integrity": "sha1-swxbbv8HMHMa6pu9nb7L2AJW1ks=",
      "dev": true,
      "dependencies": {
        "commondir": "^1.0.1",
        "make-dir": "^3.0.2",
        "pkg-dir": "^4.1.0"
      },
      "engines": {
        "node": ">=8"
      }
    },
    "node_modules/find-up": {
      "version": "4.1.0",
      "resolved": "http://registry.m.jd.com/find-up/download/find-up-4.1.0.tgz",
      "integrity": "sha1-l6/n1s3AvFkoWEt8jXsW6KmqXRk=",
      "dev": true,
      "dependencies": {
        "locate-path": "^5.0.0",
        "path-exists": "^4.0.0"
      },
      "engines": {
        "node": ">=8"
      }
    },
    "node_modules/follow-redirects": {
      "version": "1.15.2",
      "resolved": "http://registry.m.jd.com/follow-redirects/download/follow-redirects-1.15.2.tgz",
      "integrity": "sha1-tGCGQUS6Y/JoEJbydMTlcCbaLBM=",
      "engines": {
        "node": ">=4.0"
      }
    },
    "node_modules/fs-extra": {
      "version": "10.1.0",
      "resolved": "http://registry.m.jd.com/fs-extra/download/fs-extra-10.1.0.tgz",
      "integrity": "sha1-Aoc8+8QITd4SfqpfmQXu8jJdGr8=",
      "dev": true,
      "dependencies": {
        "graceful-fs": "^4.2.0",
        "jsonfile": "^6.0.1",
        "universalify": "^2.0.0"
      },
      "engines": {
        "node": ">=12"
      }
    },
    "node_modules/fs.realpath": {
      "version": "1.0.0",
      "resolved": "http://registry.m.jd.com/fs.realpath/download/fs.realpath-1.0.0.tgz",
      "integrity": "sha1-FQStJSMVjKpA20onh8sBQRmU6k8=",
      "dev": true
    },
    "node_modules/fsevents": {
      "version": "2.3.2",
      "resolved": "http://registry.m.jd.com/fsevents/download/fsevents-2.3.2.tgz",
      "integrity": "sha1-ilJveLj99GI7cJ4Ll1xSwkwC/Ro=",
      "dev": true,
      "optional": true,
      "engines": {
        "node": "^8.16.0 || ^10.6.0 || >=11.0.0"
      }
    },
    "node_modules/function-bind": {
      "version": "1.1.1",
      "resolved": "http://registry.m.jd.com/function-bind/download/function-bind-1.1.1.tgz",
      "integrity": "sha1-pWiZ0+o8m6uHS7l3O3xe3pL0iV0=",
      "dev": true
    },
    "node_modules/glob": {
      "version": "8.0.3",
      "resolved": "http://registry.m.jd.com/glob/download/glob-8.0.3.tgz",
      "integrity": "sha1-QVxust7tnlAsaPpEonLm2m7spC4=",
      "dev": true,
      "dependencies": {
        "fs.realpath": "^1.0.0",
        "inflight": "^1.0.4",
        "inherits": "2",
        "minimatch": "^5.0.1",
        "once": "^1.3.0"
      },
      "engines": {
        "node": ">=12"
      }
    },
    "node_modules/graceful-fs": {
      "version": "4.2.10",
      "resolved": "http://registry.m.jd.com/graceful-fs/download/graceful-fs-4.2.10.tgz",
      "integrity": "sha1-FH06AG2kyjzhRyjHrvwofDZ9emw=",
      "dev": true
    },
    "node_modules/has": {
      "version": "1.0.3",
      "resolved": "http://registry.m.jd.com/has/download/has-1.0.3.tgz",
      "integrity": "sha1-ci18v8H2qoJB8W3YFOAR4fQeh5Y=",
      "dev": true,
      "dependencies": {
        "function-bind": "^1.1.1"
      },
      "engines": {
        "node": ">= 0.4.0"
      }
    },
    "node_modules/inflight": {
      "version": "1.0.6",
      "resolved": "http://registry.m.jd.com/inflight/download/inflight-1.0.6.tgz",
      "integrity": "sha1-Sb1jMdfQLQwJvJEKEHW6gWW1bfk=",
      "dev": true,
      "dependencies": {
        "once": "^1.3.0",
        "wrappy": "1"
      }
    },
    "node_modules/inherits": {
      "version": "2.0.4",
      "resolved": "http://registry.m.jd.com/inherits/download/inherits-2.0.4.tgz",
      "integrity": "sha1-D6LGT5MpF8NDOg3tVTY6rjdBa3w=",
      "dev": true
    },
    "node_modules/is-buffer": {
      "version": "1.1.6",
      "resolved": "http://registry.m.jd.com/is-buffer/download/is-buffer-1.1.6.tgz",
      "integrity": "sha1-76ouqdqg16suoTqXsritUf776L4="
    },
    "node_modules/is-builtin-module": {
      "version": "3.2.0",
      "resolved": "http://registry.m.jd.com/is-builtin-module/download/is-builtin-module-3.2.0.tgz",
      "integrity": "sha1-uwMQ3+iB8UTKg/MBAM6xDPWINeA=",
      "dev": true,
      "dependencies": {
        "builtin-modules": "^3.3.0"
      },
      "engines": {
        "node": ">=6"
      }
    },
    "node_modules/is-core-module": {
      "version": "2.11.0",
      "resolved": "http://registry.m.jd.com/is-core-module/download/is-core-module-2.11.0.tgz",
      "integrity": "sha1-rUyz44Y+gUUjyW8/WNJsxXD/AUQ=",
      "dev": true,
      "dependencies": {
        "has": "^1.0.3"
      }
    },
    "node_modules/is-module": {
      "version": "1.0.0",
      "resolved": "http://registry.m.jd.com/is-module/download/is-module-1.0.0.tgz",
      "integrity": "sha1-Mlj7afeMFNW4FdZkM2tM/7ZEFZE=",
      "dev": true
    },
    "node_modules/is-plain-object": {
      "version": "2.0.4",
      "resolved": "http://registry.m.jd.com/is-plain-object/download/is-plain-object-2.0.4.tgz",
      "integrity": "sha1-LBY7P6+xtgbZ0Xko8FwqHDjgdnc=",
      "dependencies": {
        "isobject": "^3.0.1"
      },
      "engines": {
        "node": ">=0.10.0"
      }
    },
    "node_modules/is-reference": {
      "version": "1.2.1",
      "resolved": "http://registry.m.jd.com/is-reference/download/is-reference-1.2.1.tgz",
      "integrity": "sha1-iy2sCzcfS8mU/eq6nrVC0DAC0Lc=",
      "dev": true,
      "dependencies": {
        "@types/estree": "*"
      }
    },
    "node_modules/isobject": {
      "version": "3.0.1",
      "resolved": "http://registry.m.jd.com/isobject/download/isobject-3.0.1.tgz",
      "integrity": "sha1-TkMekrEalzFjaqH5yNHMvP2reN8=",
      "engines": {
        "node": ">=0.10.0"
      }
    },
    "node_modules/jsonfile": {
      "version": "6.1.0",
      "resolved": "http://registry.m.jd.com/jsonfile/download/jsonfile-6.1.0.tgz",
      "integrity": "sha1-vFWyY0eTxnnsZAMJTrE2mKbsCq4=",
      "dev": true,
      "dependencies": {
        "universalify": "^2.0.0"
      },
      "optionalDependencies": {
        "graceful-fs": "^4.1.6"
      }
    },
    "node_modules/jsonparse": {
      "version": "1.3.1",
      "resolved": "http://registry.m.jd.com/jsonparse/download/jsonparse-1.3.1.tgz",
      "integrity": "sha1-P02uSpH6wxX3EGL4UhzCOfE2YoA=",
      "engines": [
        "node >= 0.2.0"
      ]
    },
    "node_modules/JSONStream": {
      "version": "1.3.5",
      "resolved": "http://registry.m.jd.com/JSONStream/download/JSONStream-1.3.5.tgz",
      "integrity": "sha1-MgjB8I06TZkmGrZPkjArwV4RHKA=",
      "dependencies": {
        "jsonparse": "^1.2.0",
        "through": ">=2.2.7 <3"
      },
      "bin": {
        "JSONStream": "bin.js"
      },
      "engines": {
        "node": "*"
      }
    },
    "node_modules/kind-of": {
      "version": "6.0.3",
      "resolved": "http://registry.m.jd.com/kind-of/download/kind-of-6.0.3.tgz",
      "integrity": "sha1-B8BQNKbDSfoG4k+jWqdttFgM5N0=",
      "engines": {
        "node": ">=0.10.0"
      }
    },
    "node_modules/lazy-cache": {
      "version": "2.0.2",
      "resolved": "http://registry.m.jd.com/lazy-cache/download/lazy-cache-2.0.2.tgz",
      "integrity": "sha1-uRkKT5EzVGlIQIWfio9whNiCImQ=",
      "dependencies": {
        "set-getter": "^0.1.0"
      },
      "engines": {
        "node": ">=0.10.0"
      }
    },
    "node_modules/locate-path": {
      "version": "5.0.0",
      "resolved": "http://registry.m.jd.com/locate-path/download/locate-path-5.0.0.tgz",
      "integrity": "sha1-Gvujlq/WdqbUJQTQpno6frn2KqA=",
      "dev": true,
      "dependencies": {
        "p-locate": "^4.1.0"
      },
      "engines": {
        "node": ">=8"
      }
    },
    "node_modules/lru-cache": {
      "version": "6.0.0",
      "resolved": "http://registry.m.jd.com/lru-cache/download/lru-cache-6.0.0.tgz",
      "integrity": "sha1-bW/mVw69lqr5D8rR2vo7JWbbOpQ=",
      "dev": true,
      "dependencies": {
        "yallist": "^4.0.0"
      },
      "engines": {
        "node": ">=10"
      }
    },
    "node_modules/magic-string": {
      "version": "0.26.7",
      "resolved": "http://registry.m.jd.com/magic-string/download/magic-string-0.26.7.tgz",
      "integrity": "sha1-yvfa9hs06ZgvgijEUnR02siYHW8=",
      "dev": true,
      "dependencies": {
        "sourcemap-codec": "^1.4.8"
      },
      "engines": {
        "node": ">=12"
      }
    },
    "node_modules/make-dir": {
      "version": "3.1.0",
      "resolved": "http://registry.m.jd.com/make-dir/download/make-dir-3.1.0.tgz",
      "integrity": "sha1-QV6WcEazp/HRhSd9hKpYIDcmoT8=",
      "dev": true,
      "dependencies": {
        "semver": "^6.0.0"
      },
      "engines": {
        "node": ">=8"
      }
    },
    "node_modules/make-dir/node_modules/semver": {
      "version": "6.3.0",
      "resolved": "http://registry.m.jd.com/semver/download/semver-6.3.0.tgz",
      "integrity": "sha1-7gpkyK9ejO6mdoexM3YeG+y9HT0=",
      "dev": true,
      "bin": {
        "semver": "bin/semver.js"
      }
    },
    "node_modules/markdown-table": {
      "version": "3.0.2",
      "resolved": "http://registry.m.jd.com/markdown-table/download/markdown-table-3.0.2.tgz",
      "integrity": "sha1-m1nrLBsi/nGVSmX/USiHBlp7tXw="
    },
    "node_modules/minimatch": {
      "version": "5.1.0",
      "resolved": "http://registry.m.jd.com/minimatch/download/minimatch-5.1.0.tgz",
      "integrity": "sha1-Fxe0ZPSXGxRPaqvo8tC45FEeCcc=",
      "dev": true,
      "dependencies": {
        "brace-expansion": "^2.0.1"
      },
      "engines": {
        "node": ">=10"
      }
    },
    "node_modules/moment": {
      "version": "2.29.4",
      "resolved": "http://registry.m.jd.com/moment/download/moment-2.29.4.tgz",
      "integrity": "sha1-Pb4FKIn+fBsu2Wb8s6dzKJZO8Qg=",
      "engines": {
        "node": "*"
      }
    },
    "node_modules/node-fetch": {
      "version": "2.6.0",
      "resolved": "http://registry.m.jd.com/node-fetch/download/node-fetch-2.6.0.tgz",
      "integrity": "sha1-5jNFY4bUqlWGP2dqerDaqP3ssP0=",
      "engines": {
        "node": "4.x || >=6.0.0"
      }
    },
    "node_modules/npm-api": {
      "version": "1.0.1",
      "resolved": "http://registry.m.jd.com/npm-api/download/npm-api-1.0.1.tgz",
      "integrity": "sha1-Pe+bUa/tylfbFMoMlw2SRC0hycU=",
      "dependencies": {
        "clone-deep": "^4.0.1",
        "download-stats": "^0.3.4",
        "JSONStream": "^1.3.5",
        "moment": "^2.24.0",
        "node-fetch": "^2.6.0",
        "paged-request": "^2.0.1"
      },
      "engines": {
        "node": ">=10.0"
      }
    },
    "node_modules/once": {
      "version": "1.4.0",
      "resolved": "http://registry.m.jd.com/once/download/once-1.4.0.tgz",
      "integrity": "sha1-WDsap3WWHUsROsF9nFC6753Xa9E=",
      "dev": true,
      "dependencies": {
        "wrappy": "1"
      }
    },
    "node_modules/p-limit": {
      "version": "2.3.0",
      "resolved": "http://registry.m.jd.com/p-limit/download/p-limit-2.3.0.tgz",
      "integrity": "sha1-PdM8ZHohT9//2DWTPrCG2g3CHbE=",
      "dev": true,
      "dependencies": {
        "p-try": "^2.0.0"
      },
      "engines": {
        "node": ">=6"
      }
    },
    "node_modules/p-locate": {
      "version": "4.1.0",
      "resolved": "http://registry.m.jd.com/p-locate/download/p-locate-4.1.0.tgz",
      "integrity": "sha1-o0KLtwiLOmApL2aRkni3wpetTwc=",
      "dev": true,
      "dependencies": {
        "p-limit": "^2.2.0"
      },
      "engines": {
        "node": ">=8"
      }
    },
    "node_modules/p-try": {
      "version": "2.2.0",
      "resolved": "http://registry.m.jd.com/p-try/download/p-try-2.2.0.tgz",
      "integrity": "sha1-yyhoVA4xPWHeWPr741zpAE1VQOY=",
      "dev": true,
      "engines": {
        "node": ">=6"
      }
    },
    "node_modules/paged-request": {
      "version": "2.0.2",
      "resolved": "http://registry.m.jd.com/paged-request/download/paged-request-2.0.2.tgz",
      "integrity": "sha1-TWIaCLjWvuRECgqSESNU7uzltbA=",
      "dependencies": {
        "axios": "^0.21.1"
      },
      "engines": {
        "node": ">=8"
      }
    },
    "node_modules/path-exists": {
      "version": "4.0.0",
      "resolved": "http://registry.m.jd.com/path-exists/download/path-exists-4.0.0.tgz",
      "integrity": "sha1-UTvb4tO5XXdi6METfvoZXGxhtbM=",
      "dev": true,
      "engines": {
        "node": ">=8"
      }
    },
    "node_modules/path-is-absolute": {
      "version": "1.0.1",
      "resolved": "http://registry.m.jd.com/path-is-absolute/download/path-is-absolute-1.0.1.tgz",
      "integrity": "sha1-F0uSaHNVNP+8es5r9TpanhtcX18=",
      "dev": true,
      "engines": {
        "node": ">=0.10.0"
      }
    },
    "node_modules/path-parse": {
      "version": "1.0.7",
      "resolved": "http://registry.m.jd.com/path-parse/download/path-parse-1.0.7.tgz",
      "integrity": "sha1-+8EUtgykKzDZ2vWFjkvWi77bZzU=",
      "dev": true
    },
    "node_modules/picomatch": {
      "version": "2.3.1",
      "resolved": "http://registry.m.jd.com/picomatch/download/picomatch-2.3.1.tgz",
      "integrity": "sha1-O6ODNzNkbZ0+SZWUbBNlpn+wekI=",
      "dev": true,
      "engines": {
        "node": ">=8.6"
      }
    },
    "node_modules/pkg-dir": {
      "version": "4.2.0",
      "resolved": "http://registry.m.jd.com/pkg-dir/download/pkg-dir-4.2.0.tgz",
      "integrity": "sha1-8JkTPfft5CLoHR2ESCcO6z5CYfM=",
      "dev": true,
      "dependencies": {
        "find-up": "^4.0.0"
      },
      "engines": {
        "node": ">=8"
      }
    },
    "node_modules/resolve": {
      "version": "1.22.1",
      "resolved": "http://registry.m.jd.com/resolve/download/resolve-1.22.1.tgz",
      "integrity": "sha1-J8suu1P5GrtJRwqSi7p1WAZqwXc=",
      "dev": true,
      "dependencies": {
        "is-core-module": "^2.9.0",
        "path-parse": "^1.0.7",
        "supports-preserve-symlinks-flag": "^1.0.0"
      },
      "bin": {
        "resolve": "bin/resolve"
      }
    },
    "node_modules/rimraf": {
      "version": "2.7.1",
      "resolved": "http://registry.m.jd.com/rimraf/download/rimraf-2.7.1.tgz",
      "integrity": "sha1-NXl/E6f9rcVmFCwp1PB8ytSD4+w=",
      "dev": true,
      "dependencies": {
        "glob": "^7.1.3"
      },
      "bin": {
        "rimraf": "bin.js"
      }
    },
    "node_modules/rimraf/node_modules/brace-expansion": {
      "version": "1.1.11",
      "resolved": "http://registry.m.jd.com/brace-expansion/download/brace-expansion-1.1.11.tgz",
      "integrity": "sha1-PH/L9SnYcibz0vUrlm/1Jx60Qd0=",
      "dev": true,
      "dependencies": {
        "balanced-match": "^1.0.0",
        "concat-map": "0.0.1"
      }
    },
    "node_modules/rimraf/node_modules/glob": {
      "version": "7.2.3",
      "resolved": "http://registry.m.jd.com/glob/download/glob-7.2.3.tgz",
      "integrity": "sha1-uN8PuAK7+o6JvR2Ti04WV47UTys=",
      "dev": true,
      "dependencies": {
        "fs.realpath": "^1.0.0",
        "inflight": "^1.0.4",
        "inherits": "2",
        "minimatch": "^3.1.1",
        "once": "^1.3.0",
        "path-is-absolute": "^1.0.0"
      },
      "engines": {
        "node": "*"
      }
    },
    "node_modules/rimraf/node_modules/minimatch": {
      "version": "3.1.2",
      "resolved": "http://registry.m.jd.com/minimatch/download/minimatch-3.1.2.tgz",
      "integrity": "sha1-Gc0ZS/0+Qo8EmnCBfAONiatL41s=",
      "dev": true,
      "dependencies": {
        "brace-expansion": "^1.1.7"
      },
      "engines": {
        "node": "*"
      }
    },
    "node_modules/rollup": {
      "version": "2.79.1",
      "resolved": "http://registry.m.jd.com/rollup/download/rollup-2.79.1.tgz",
      "integrity": "sha1-vt7o+u98n5OiZHrAEIdI9Jfwgcc=",
      "dev": true,
      "bin": {
        "rollup": "dist/bin/rollup"
      },
      "engines": {
        "node": ">=10.0.0"
      },
      "optionalDependencies": {
        "fsevents": "~2.3.2"
      }
    },
    "node_modules/rollup-plugin-clear": {
      "version": "2.0.7",
      "resolved": "http://registry.m.jd.com/rollup-plugin-clear/download/rollup-plugin-clear-2.0.7.tgz",
      "integrity": "sha1-J6GRvMs5ZCRsoqrUJ+h5jL6HybE=",
      "dev": true,
      "dependencies": {
        "rimraf": "^2.6.2"
      }
    },
    "node_modules/rollup-plugin-typescript2": {
      "version": "0.34.1",
      "resolved": "http://registry.m.jd.com/rollup-plugin-typescript2/download/rollup-plugin-typescript2-0.34.1.tgz",
      "integrity": "sha1-xFfxVacdEzwUJokhP854aU4w0L4=",
      "dev": true,
      "dependencies": {
        "@rollup/pluginutils": "^4.1.2",
        "find-cache-dir": "^3.3.2",
        "fs-extra": "^10.0.0",
        "semver": "^7.3.7",
        "tslib": "^2.4.0"
      },
      "peerDependencies": {
        "rollup": ">=1.26.3",
        "typescript": ">=2.4.0"
      }
    },
    "node_modules/rollup-plugin-typescript2/node_modules/@rollup/pluginutils": {
      "version": "4.2.1",
      "resolved": "http://registry.m.jd.com/@rollup/pluginutils/download/@rollup/pluginutils-4.2.1.tgz",
      "integrity": "sha1-5sbDq6B0Ttzj+yB0ki03dsCvKm0=",
      "dev": true,
      "dependencies": {
        "estree-walker": "^2.0.1",
        "picomatch": "^2.2.2"
      },
      "engines": {
        "node": ">= 8.0.0"
      }
    },
    "node_modules/semver": {
      "version": "7.3.8",
      "resolved": "http://registry.m.jd.com/semver/download/semver-7.3.8.tgz",
      "integrity": "sha1-B6eP6vs/ezI0fXJeM95+Ki32d5g=",
      "dev": true,
      "dependencies": {
        "lru-cache": "^6.0.0"
      },
      "bin": {
        "semver": "bin/semver.js"
      },
      "engines": {
        "node": ">=10"
      }
    },
    "node_modules/set-getter": {
      "version": "0.1.1",
      "resolved": "http://registry.m.jd.com/set-getter/download/set-getter-0.1.1.tgz",
      "integrity": "sha1-oxEOG0YdManPyMXJ7i6XN61EcQI=",
      "dependencies": {
        "to-object-path": "^0.3.0"
      },
      "engines": {
        "node": ">=0.10.0"
      }
    },
    "node_modules/shallow-clone": {
      "version": "3.0.1",
      "resolved": "http://registry.m.jd.com/shallow-clone/download/shallow-clone-3.0.1.tgz",
      "integrity": "sha1-jymBrZJTH1UDWwH7IwdppA4C76M=",
      "dependencies": {
        "kind-of": "^6.0.2"
      },
      "engines": {
        "node": ">=8"
      }
    },
    "node_modules/sourcemap-codec": {
      "version": "1.4.8",
      "resolved": "http://registry.m.jd.com/sourcemap-codec/download/sourcemap-codec-1.4.8.tgz",
      "integrity": "sha1-6oBL2UhXQC5pktBaOO8a41qatMQ=",
      "dev": true
    },
    "node_modules/supports-preserve-symlinks-flag": {
      "version": "1.0.0",
      "resolved": "http://registry.m.jd.com/supports-preserve-symlinks-flag/download/supports-preserve-symlinks-flag-1.0.0.tgz",
      "integrity": "sha1-btpL00SjyUrqN21MwxvHcxEDngk=",
      "dev": true,
      "engines": {
        "node": ">= 0.4"
      }
    },
    "node_modules/through": {
      "version": "2.3.8",
      "resolved": "http://registry.m.jd.com/through/download/through-2.3.8.tgz",
      "integrity": "sha1-DdTJ/6q8NXlgsbckEV1+Doai4fU="
    },
    "node_modules/to-object-path": {
      "version": "0.3.0",
      "resolved": "http://registry.m.jd.com/to-object-path/download/to-object-path-0.3.0.tgz",
      "integrity": "sha1-KXWIt7Dn4KwI4E5nL4XB9JmeF68=",
      "dependencies": {
        "kind-of": "^3.0.2"
      },
      "engines": {
        "node": ">=0.10.0"
      }
    },
    "node_modules/to-object-path/node_modules/kind-of": {
      "version": "3.2.2",
      "resolved": "http://registry.m.jd.com/kind-of/download/kind-of-3.2.2.tgz",
      "integrity": "sha1-MeohpzS6ubuw8yRm2JOupR5KPGQ=",
      "dependencies": {
        "is-buffer": "^1.1.5"
      },
      "engines": {
        "node": ">=0.10.0"
      }
    },
    "node_modules/tslib": {
      "version": "2.4.1",
      "resolved": "http://registry.m.jd.com/tslib/download/tslib-2.4.1.tgz",
      "integrity": "sha1-DQv7qsKIC5HiLfB2jlW+l1OlsX4=",
      "dev": true
    },
    "node_modules/typescript": {
      "version": "4.9.3",
      "resolved": "http://registry.m.jd.com/typescript/download/typescript-4.9.3.tgz",
      "integrity": "sha1-OuowfBdGuMOEQ12Kw2uKLlgNhds=",
      "dev": true,
      "bin": {
        "tsc": "bin/tsc",
        "tsserver": "bin/tsserver"
      },
      "engines": {
        "node": ">=4.2.0"
      }
    },
    "node_modules/universalify": {
      "version": "2.0.0",
      "resolved": "http://registry.m.jd.com/universalify/download/universalify-2.0.0.tgz",
      "integrity": "sha1-daSYTv7cSwiXXFrrc/Uw0C3yVxc=",
      "dev": true,
      "engines": {
        "node": ">= 10.0.0"
      }
    },
    "node_modules/wrappy": {
      "version": "1.0.2",
      "resolved": "http://registry.m.jd.com/wrappy/download/wrappy-1.0.2.tgz",
      "integrity": "sha1-tSQ9jz7BqjXxNkYFvA0QNuMKtp8=",
      "dev": true
    },
    "node_modules/yallist": {
      "version": "4.0.0",
      "resolved": "http://registry.m.jd.com/yallist/download/yallist-4.0.0.tgz",
      "integrity": "sha1-m7knkNnA7/7GO+c1GeEaNQGaOnI=",
      "dev": true
    }
  },
  "dependencies": {
    "@rollup/plugin-commonjs": {
      "version": "23.0.2",
      "resolved": "http://registry.m.jd.com/@rollup/plugin-commonjs/download/@rollup/plugin-commonjs-23.0.2.tgz",
      "integrity": "sha1-OjpbexscspA360mS7cqumX1+vZI=",
      "dev": true,
      "requires": {
        "@rollup/pluginutils": "^5.0.1",
        "commondir": "^1.0.1",
        "estree-walker": "^2.0.2",
        "glob": "^8.0.3",
        "is-reference": "1.2.1",
        "magic-string": "^0.26.4"
      }
    },
    "@rollup/plugin-json": {
      "version": "5.0.1",
      "resolved": "http://registry.m.jd.com/@rollup/plugin-json/download/@rollup/plugin-json-5.0.1.tgz",
      "integrity": "sha1-1c1nzIPt5ClnRH36u+G+RaCR9bc=",
      "dev": true,
      "requires": {
        "@rollup/pluginutils": "^5.0.1"
      }
    },
    "@rollup/plugin-node-resolve": {
      "version": "15.0.1",
      "resolved": "http://registry.m.jd.com/@rollup/plugin-node-resolve/download/@rollup/plugin-node-resolve-15.0.1.tgz",
      "integrity": "sha1-cr5Em44G9jZxaNWzzV4oAuAkiXE=",
      "dev": true,
      "requires": {
        "@rollup/pluginutils": "^5.0.1",
        "@types/resolve": "1.20.2",
        "deepmerge": "^4.2.2",
        "is-builtin-module": "^3.2.0",
        "is-module": "^1.0.0",
        "resolve": "^1.22.1"
      }
    },
    "@rollup/pluginutils": {
      "version": "5.0.2",
      "resolved": "http://registry.m.jd.com/@rollup/pluginutils/download/@rollup/pluginutils-5.0.2.tgz",
      "integrity": "sha1-ASuPU8ceT2+csxfjEd8UBPVuejM=",
      "dev": true,
      "requires": {
        "@types/estree": "^1.0.0",
        "estree-walker": "^2.0.2",
        "picomatch": "^2.3.1"
      }
    },
    "@types/estree": {
      "version": "1.0.0",
      "resolved": "http://registry.m.jd.com/@types/estree/download/@types/estree-1.0.0.tgz",
      "integrity": "sha1-X7LlNsGum/NTZu7Yeegn+lnKQcI=",
      "dev": true
    },
    "@types/node": {
      "version": "18.11.9",
      "resolved": "http://registry.m.jd.com/@types/node/download/@types/node-18.11.9.tgz",
      "integrity": "sha1-AtAT3nBYzqFtNhaO8vxlNGTPutQ=",
      "dev": true
    },
    "@types/resolve": {
      "version": "1.20.2",
      "resolved": "http://registry.m.jd.com/@types/resolve/download/@types/resolve-1.20.2.tgz",
      "integrity": "sha1-l9JuAM1KBCO0r2IKvs8+b0QreXU=",
      "dev": true
    },
    "axios": {
      "version": "0.21.4",
      "resolved": "http://registry.m.jd.com/axios/download/axios-0.21.4.tgz",
      "integrity": "sha1-xnuQ3AVo5cHPKwuFjEO6KOLtpXU=",
      "requires": {
        "follow-redirects": "^1.14.0"
      }
    },
    "balanced-match": {
      "version": "1.0.2",
      "resolved": "http://registry.m.jd.com/balanced-match/download/balanced-match-1.0.2.tgz",
      "integrity": "sha1-6D46fj8wCzTLnYf2FfoMvzV2kO4=",
      "dev": true
    },
    "brace-expansion": {
      "version": "2.0.1",
      "resolved": "http://registry.m.jd.com/brace-expansion/download/brace-expansion-2.0.1.tgz",
      "integrity": "sha1-HtxFng8MVISG7Pn8mfIiE2S5oK4=",
      "dev": true,
      "requires": {
        "balanced-match": "^1.0.0"
      }
    },
    "builtin-modules": {
      "version": "3.3.0",
      "resolved": "http://registry.m.jd.com/builtin-modules/download/builtin-modules-3.3.0.tgz",
      "integrity": "sha1-yuYoEriYAellYzbkYiPgMDhr57Y=",
      "dev": true
    },
    "clone-deep": {
      "version": "4.0.1",
      "resolved": "http://registry.m.jd.com/clone-deep/download/clone-deep-4.0.1.tgz",
      "integrity": "sha1-wZ/Zvbv4WUK0/ZechNz31fB8I4c=",
      "requires": {
        "is-plain-object": "^2.0.4",
        "kind-of": "^6.0.2",
        "shallow-clone": "^3.0.0"
      }
    },
    "commondir": {
      "version": "1.0.1",
      "resolved": "http://registry.m.jd.com/commondir/download/commondir-1.0.1.tgz",
      "integrity": "sha1-3dgA2gxmEnOTzKWVDqloo6rxJTs=",
      "dev": true
    },
    "concat-map": {
      "version": "0.0.1",
      "resolved": "http://registry.m.jd.com/concat-map/download/concat-map-0.0.1.tgz",
      "integrity": "sha1-2Klr13/Wjfd5OnMDajug1UBdR3s=",
      "dev": true
    },
    "deepmerge": {
      "version": "4.2.2",
      "resolved": "http://registry.m.jd.com/deepmerge/download/deepmerge-4.2.2.tgz",
      "integrity": "sha1-RNLqNnm49NT/ujPwPYZfwee/SVU=",
      "dev": true
    },
    "download-stats": {
      "version": "0.3.4",
      "resolved": "http://registry.m.jd.com/download-stats/download/download-stats-0.3.4.tgz",
      "integrity": "sha1-Z+oMMvFKzZ9jnacE7vUJaEui2uc=",
      "requires": {
        "JSONStream": "^1.2.1",
        "lazy-cache": "^2.0.1",
        "moment": "^2.15.1"
      }
    },
    "estree-walker": {
      "version": "2.0.2",
      "resolved": "http://registry.m.jd.com/estree-walker/download/estree-walker-2.0.2.tgz",
      "integrity": "sha1-UvAQF4wqTBF6d1fP6UKtt9LaTKw=",
      "dev": true
    },
    "find-cache-dir": {
      "version": "3.3.2",
      "resolved": "http://registry.m.jd.com/find-cache-dir/download/find-cache-dir-3.3.2.tgz",
      "integrity": "sha1-swxbbv8HMHMa6pu9nb7L2AJW1ks=",
      "dev": true,
      "requires": {
        "commondir": "^1.0.1",
        "make-dir": "^3.0.2",
        "pkg-dir": "^4.1.0"
      }
    },
    "find-up": {
      "version": "4.1.0",
      "resolved": "http://registry.m.jd.com/find-up/download/find-up-4.1.0.tgz",
      "integrity": "sha1-l6/n1s3AvFkoWEt8jXsW6KmqXRk=",
      "dev": true,
      "requires": {
        "locate-path": "^5.0.0",
        "path-exists": "^4.0.0"
      }
    },
    "follow-redirects": {
      "version": "1.15.2",
      "resolved": "http://registry.m.jd.com/follow-redirects/download/follow-redirects-1.15.2.tgz",
      "integrity": "sha1-tGCGQUS6Y/JoEJbydMTlcCbaLBM="
    },
    "fs-extra": {
      "version": "10.1.0",
      "resolved": "http://registry.m.jd.com/fs-extra/download/fs-extra-10.1.0.tgz",
      "integrity": "sha1-Aoc8+8QITd4SfqpfmQXu8jJdGr8=",
      "dev": true,
      "requires": {
        "graceful-fs": "^4.2.0",
        "jsonfile": "^6.0.1",
        "universalify": "^2.0.0"
      }
    },
    "fs.realpath": {
      "version": "1.0.0",
      "resolved": "http://registry.m.jd.com/fs.realpath/download/fs.realpath-1.0.0.tgz",
      "integrity": "sha1-FQStJSMVjKpA20onh8sBQRmU6k8=",
      "dev": true
    },
    "fsevents": {
      "version": "2.3.2",
      "resolved": "http://registry.m.jd.com/fsevents/download/fsevents-2.3.2.tgz",
      "integrity": "sha1-ilJveLj99GI7cJ4Ll1xSwkwC/Ro=",
      "dev": true,
      "optional": true
    },
    "function-bind": {
      "version": "1.1.1",
      "resolved": "http://registry.m.jd.com/function-bind/download/function-bind-1.1.1.tgz",
      "integrity": "sha1-pWiZ0+o8m6uHS7l3O3xe3pL0iV0=",
      "dev": true
    },
    "glob": {
      "version": "8.0.3",
      "resolved": "http://registry.m.jd.com/glob/download/glob-8.0.3.tgz",
      "integrity": "sha1-QVxust7tnlAsaPpEonLm2m7spC4=",
      "dev": true,
      "requires": {
        "fs.realpath": "^1.0.0",
        "inflight": "^1.0.4",
        "inherits": "2",
        "minimatch": "^5.0.1",
        "once": "^1.3.0"
      }
    },
    "graceful-fs": {
      "version": "4.2.10",
      "resolved": "http://registry.m.jd.com/graceful-fs/download/graceful-fs-4.2.10.tgz",
      "integrity": "sha1-FH06AG2kyjzhRyjHrvwofDZ9emw=",
      "dev": true
    },
    "has": {
      "version": "1.0.3",
      "resolved": "http://registry.m.jd.com/has/download/has-1.0.3.tgz",
      "integrity": "sha1-ci18v8H2qoJB8W3YFOAR4fQeh5Y=",
      "dev": true,
      "requires": {
        "function-bind": "^1.1.1"
      }
    },
    "inflight": {
      "version": "1.0.6",
      "resolved": "http://registry.m.jd.com/inflight/download/inflight-1.0.6.tgz",
      "integrity": "sha1-Sb1jMdfQLQwJvJEKEHW6gWW1bfk=",
      "dev": true,
      "requires": {
        "once": "^1.3.0",
        "wrappy": "1"
      }
    },
    "inherits": {
      "version": "2.0.4",
      "resolved": "http://registry.m.jd.com/inherits/download/inherits-2.0.4.tgz",
      "integrity": "sha1-D6LGT5MpF8NDOg3tVTY6rjdBa3w=",
      "dev": true
    },
    "is-buffer": {
      "version": "1.1.6",
      "resolved": "http://registry.m.jd.com/is-buffer/download/is-buffer-1.1.6.tgz",
      "integrity": "sha1-76ouqdqg16suoTqXsritUf776L4="
    },
    "is-builtin-module": {
      "version": "3.2.0",
      "resolved": "http://registry.m.jd.com/is-builtin-module/download/is-builtin-module-3.2.0.tgz",
      "integrity": "sha1-uwMQ3+iB8UTKg/MBAM6xDPWINeA=",
      "dev": true,
      "requires": {
        "builtin-modules": "^3.3.0"
      }
    },
    "is-core-module": {
      "version": "2.11.0",
      "resolved": "http://registry.m.jd.com/is-core-module/download/is-core-module-2.11.0.tgz",
      "integrity": "sha1-rUyz44Y+gUUjyW8/WNJsxXD/AUQ=",
      "dev": true,
      "requires": {
        "has": "^1.0.3"
      }
    },
    "is-module": {
      "version": "1.0.0",
      "resolved": "http://registry.m.jd.com/is-module/download/is-module-1.0.0.tgz",
      "integrity": "sha1-Mlj7afeMFNW4FdZkM2tM/7ZEFZE=",
      "dev": true
    },
    "is-plain-object": {
      "version": "2.0.4",
      "resolved": "http://registry.m.jd.com/is-plain-object/download/is-plain-object-2.0.4.tgz",
      "integrity": "sha1-LBY7P6+xtgbZ0Xko8FwqHDjgdnc=",
      "requires": {
        "isobject": "^3.0.1"
      }
    },
    "is-reference": {
      "version": "1.2.1",
      "resolved": "http://registry.m.jd.com/is-reference/download/is-reference-1.2.1.tgz",
      "integrity": "sha1-iy2sCzcfS8mU/eq6nrVC0DAC0Lc=",
      "dev": true,
      "requires": {
        "@types/estree": "*"
      }
    },
    "isobject": {
      "version": "3.0.1",
      "resolved": "http://registry.m.jd.com/isobject/download/isobject-3.0.1.tgz",
      "integrity": "sha1-TkMekrEalzFjaqH5yNHMvP2reN8="
    },
    "jsonfile": {
      "version": "6.1.0",
      "resolved": "http://registry.m.jd.com/jsonfile/download/jsonfile-6.1.0.tgz",
      "integrity": "sha1-vFWyY0eTxnnsZAMJTrE2mKbsCq4=",
      "dev": true,
      "requires": {
        "graceful-fs": "^4.1.6",
        "universalify": "^2.0.0"
      }
    },
    "jsonparse": {
      "version": "1.3.1",
      "resolved": "http://registry.m.jd.com/jsonparse/download/jsonparse-1.3.1.tgz",
      "integrity": "sha1-P02uSpH6wxX3EGL4UhzCOfE2YoA="
    },
    "JSONStream": {
      "version": "1.3.5",
      "resolved": "http://registry.m.jd.com/JSONStream/download/JSONStream-1.3.5.tgz",
      "integrity": "sha1-MgjB8I06TZkmGrZPkjArwV4RHKA=",
      "requires": {
        "jsonparse": "^1.2.0",
        "through": ">=2.2.7 <3"
      }
    },
    "kind-of": {
      "version": "6.0.3",
      "resolved": "http://registry.m.jd.com/kind-of/download/kind-of-6.0.3.tgz",
      "integrity": "sha1-B8BQNKbDSfoG4k+jWqdttFgM5N0="
    },
    "lazy-cache": {
      "version": "2.0.2",
      "resolved": "http://registry.m.jd.com/lazy-cache/download/lazy-cache-2.0.2.tgz",
      "integrity": "sha1-uRkKT5EzVGlIQIWfio9whNiCImQ=",
      "requires": {
        "set-getter": "^0.1.0"
      }
    },
    "locate-path": {
      "version": "5.0.0",
      "resolved": "http://registry.m.jd.com/locate-path/download/locate-path-5.0.0.tgz",
      "integrity": "sha1-Gvujlq/WdqbUJQTQpno6frn2KqA=",
      "dev": true,
      "requires": {
        "p-locate": "^4.1.0"
      }
    },
    "lru-cache": {
      "version": "6.0.0",
      "resolved": "http://registry.m.jd.com/lru-cache/download/lru-cache-6.0.0.tgz",
      "integrity": "sha1-bW/mVw69lqr5D8rR2vo7JWbbOpQ=",
      "dev": true,
      "requires": {
        "yallist": "^4.0.0"
      }
    },
    "magic-string": {
      "version": "0.26.7",
      "resolved": "http://registry.m.jd.com/magic-string/download/magic-string-0.26.7.tgz",
      "integrity": "sha1-yvfa9hs06ZgvgijEUnR02siYHW8=",
      "dev": true,
      "requires": {
        "sourcemap-codec": "^1.4.8"
      }
    },
    "make-dir": {
      "version": "3.1.0",
      "resolved": "http://registry.m.jd.com/make-dir/download/make-dir-3.1.0.tgz",
      "integrity": "sha1-QV6WcEazp/HRhSd9hKpYIDcmoT8=",
      "dev": true,
      "requires": {
        "semver": "^6.0.0"
      },
      "dependencies": {
        "semver": {
          "version": "6.3.0",
          "resolved": "http://registry.m.jd.com/semver/download/semver-6.3.0.tgz",
          "integrity": "sha1-7gpkyK9ejO6mdoexM3YeG+y9HT0=",
          "dev": true
        }
      }
    },
    "markdown-table": {
      "version": "3.0.2",
      "resolved": "http://registry.m.jd.com/markdown-table/download/markdown-table-3.0.2.tgz",
      "integrity": "sha1-m1nrLBsi/nGVSmX/USiHBlp7tXw="
    },
    "minimatch": {
      "version": "5.1.0",
      "resolved": "http://registry.m.jd.com/minimatch/download/minimatch-5.1.0.tgz",
      "integrity": "sha1-Fxe0ZPSXGxRPaqvo8tC45FEeCcc=",
      "dev": true,
      "requires": {
        "brace-expansion": "^2.0.1"
      }
    },
    "moment": {
      "version": "2.29.4",
      "resolved": "http://registry.m.jd.com/moment/download/moment-2.29.4.tgz",
      "integrity": "sha1-Pb4FKIn+fBsu2Wb8s6dzKJZO8Qg="
    },
    "node-fetch": {
      "version": "2.6.0",
      "resolved": "http://registry.m.jd.com/node-fetch/download/node-fetch-2.6.0.tgz",
      "integrity": "sha1-5jNFY4bUqlWGP2dqerDaqP3ssP0="
    },
    "npm-api": {
      "version": "1.0.1",
      "resolved": "http://registry.m.jd.com/npm-api/download/npm-api-1.0.1.tgz",
      "integrity": "sha1-Pe+bUa/tylfbFMoMlw2SRC0hycU=",
      "requires": {
        "clone-deep": "^4.0.1",
        "download-stats": "^0.3.4",
        "JSONStream": "^1.3.5",
        "moment": "^2.24.0",
        "node-fetch": "^2.6.0",
        "paged-request": "^2.0.1"
      }
    },
    "once": {
      "version": "1.4.0",
      "resolved": "http://registry.m.jd.com/once/download/once-1.4.0.tgz",
      "integrity": "sha1-WDsap3WWHUsROsF9nFC6753Xa9E=",
      "dev": true,
      "requires": {
        "wrappy": "1"
      }
    },
    "p-limit": {
      "version": "2.3.0",
      "resolved": "http://registry.m.jd.com/p-limit/download/p-limit-2.3.0.tgz",
      "integrity": "sha1-PdM8ZHohT9//2DWTPrCG2g3CHbE=",
      "dev": true,
      "requires": {
        "p-try": "^2.0.0"
      }
    },
    "p-locate": {
      "version": "4.1.0",
      "resolved": "http://registry.m.jd.com/p-locate/download/p-locate-4.1.0.tgz",
      "integrity": "sha1-o0KLtwiLOmApL2aRkni3wpetTwc=",
      "dev": true,
      "requires": {
        "p-limit": "^2.2.0"
      }
    },
    "p-try": {
      "version": "2.2.0",
      "resolved": "http://registry.m.jd.com/p-try/download/p-try-2.2.0.tgz",
      "integrity": "sha1-yyhoVA4xPWHeWPr741zpAE1VQOY=",
      "dev": true
    },
    "paged-request": {
      "version": "2.0.2",
      "resolved": "http://registry.m.jd.com/paged-request/download/paged-request-2.0.2.tgz",
      "integrity": "sha1-TWIaCLjWvuRECgqSESNU7uzltbA=",
      "requires": {
        "axios": "^0.21.1"
      }
    },
    "path-exists": {
      "version": "4.0.0",
      "resolved": "http://registry.m.jd.com/path-exists/download/path-exists-4.0.0.tgz",
      "integrity": "sha1-UTvb4tO5XXdi6METfvoZXGxhtbM=",
      "dev": true
    },
    "path-is-absolute": {
      "version": "1.0.1",
      "resolved": "http://registry.m.jd.com/path-is-absolute/download/path-is-absolute-1.0.1.tgz",
      "integrity": "sha1-F0uSaHNVNP+8es5r9TpanhtcX18=",
      "dev": true
    },
    "path-parse": {
      "version": "1.0.7",
      "resolved": "http://registry.m.jd.com/path-parse/download/path-parse-1.0.7.tgz",
      "integrity": "sha1-+8EUtgykKzDZ2vWFjkvWi77bZzU=",
      "dev": true
    },
    "picomatch": {
      "version": "2.3.1",
      "resolved": "http://registry.m.jd.com/picomatch/download/picomatch-2.3.1.tgz",
      "integrity": "sha1-O6ODNzNkbZ0+SZWUbBNlpn+wekI=",
      "dev": true
    },
    "pkg-dir": {
      "version": "4.2.0",
      "resolved": "http://registry.m.jd.com/pkg-dir/download/pkg-dir-4.2.0.tgz",
      "integrity": "sha1-8JkTPfft5CLoHR2ESCcO6z5CYfM=",
      "dev": true,
      "requires": {
        "find-up": "^4.0.0"
      }
    },
    "resolve": {
      "version": "1.22.1",
      "resolved": "http://registry.m.jd.com/resolve/download/resolve-1.22.1.tgz",
      "integrity": "sha1-J8suu1P5GrtJRwqSi7p1WAZqwXc=",
      "dev": true,
      "requires": {
        "is-core-module": "^2.9.0",
        "path-parse": "^1.0.7",
        "supports-preserve-symlinks-flag": "^1.0.0"
      }
    },
    "rimraf": {
      "version": "2.7.1",
      "resolved": "http://registry.m.jd.com/rimraf/download/rimraf-2.7.1.tgz",
      "integrity": "sha1-NXl/E6f9rcVmFCwp1PB8ytSD4+w=",
      "dev": true,
      "requires": {
        "glob": "^7.1.3"
      },
      "dependencies": {
        "brace-expansion": {
          "version": "1.1.11",
          "resolved": "http://registry.m.jd.com/brace-expansion/download/brace-expansion-1.1.11.tgz",
          "integrity": "sha1-PH/L9SnYcibz0vUrlm/1Jx60Qd0=",
          "dev": true,
          "requires": {
            "balanced-match": "^1.0.0",
            "concat-map": "0.0.1"
          }
        },
        "glob": {
          "version": "7.2.3",
          "resolved": "http://registry.m.jd.com/glob/download/glob-7.2.3.tgz",
          "integrity": "sha1-uN8PuAK7+o6JvR2Ti04WV47UTys=",
          "dev": true,
          "requires": {
            "fs.realpath": "^1.0.0",
            "inflight": "^1.0.4",
            "inherits": "2",
            "minimatch": "^3.1.1",
            "once": "^1.3.0",
            "path-is-absolute": "^1.0.0"
          }
        },
        "minimatch": {
          "version": "3.1.2",
          "resolved": "http://registry.m.jd.com/minimatch/download/minimatch-3.1.2.tgz",
          "integrity": "sha1-Gc0ZS/0+Qo8EmnCBfAONiatL41s=",
          "dev": true,
          "requires": {
            "brace-expansion": "^1.1.7"
          }
        }
      }
    },
    "rollup": {
      "version": "2.79.1",
      "resolved": "http://registry.m.jd.com/rollup/download/rollup-2.79.1.tgz",
      "integrity": "sha1-vt7o+u98n5OiZHrAEIdI9Jfwgcc=",
      "dev": true,
      "requires": {
        "fsevents": "~2.3.2"
      }
    },
    "rollup-plugin-clear": {
      "version": "2.0.7",
      "resolved": "http://registry.m.jd.com/rollup-plugin-clear/download/rollup-plugin-clear-2.0.7.tgz",
      "integrity": "sha1-J6GRvMs5ZCRsoqrUJ+h5jL6HybE=",
      "dev": true,
      "requires": {
        "rimraf": "^2.6.2"
      }
    },
    "rollup-plugin-typescript2": {
      "version": "0.34.1",
      "resolved": "http://registry.m.jd.com/rollup-plugin-typescript2/download/rollup-plugin-typescript2-0.34.1.tgz",
      "integrity": "sha1-xFfxVacdEzwUJokhP854aU4w0L4=",
      "dev": true,
      "requires": {
        "@rollup/pluginutils": "^4.1.2",
        "find-cache-dir": "^3.3.2",
        "fs-extra": "^10.0.0",
        "semver": "^7.3.7",
        "tslib": "^2.4.0"
      },
      "dependencies": {
        "@rollup/pluginutils": {
          "version": "4.2.1",
          "resolved": "http://registry.m.jd.com/@rollup/pluginutils/download/@rollup/pluginutils-4.2.1.tgz",
          "integrity": "sha1-5sbDq6B0Ttzj+yB0ki03dsCvKm0=",
          "dev": true,
          "requires": {
            "estree-walker": "^2.0.1",
            "picomatch": "^2.2.2"
          }
        }
      }
    },
    "semver": {
      "version": "7.3.8",
      "resolved": "http://registry.m.jd.com/semver/download/semver-7.3.8.tgz",
      "integrity": "sha1-B6eP6vs/ezI0fXJeM95+Ki32d5g=",
      "dev": true,
      "requires": {
        "lru-cache": "^6.0.0"
      }
    },
    "set-getter": {
      "version": "0.1.1",
      "resolved": "http://registry.m.jd.com/set-getter/download/set-getter-0.1.1.tgz",
      "integrity": "sha1-oxEOG0YdManPyMXJ7i6XN61EcQI=",
      "requires": {
        "to-object-path": "^0.3.0"
      }
    },
    "shallow-clone": {
      "version": "3.0.1",
      "resolved": "http://registry.m.jd.com/shallow-clone/download/shallow-clone-3.0.1.tgz",
      "integrity": "sha1-jymBrZJTH1UDWwH7IwdppA4C76M=",
      "requires": {
        "kind-of": "^6.0.2"
      }
    },
    "sourcemap-codec": {
      "version": "1.4.8",
      "resolved": "http://registry.m.jd.com/sourcemap-codec/download/sourcemap-codec-1.4.8.tgz",
      "integrity": "sha1-6oBL2UhXQC5pktBaOO8a41qatMQ=",
      "dev": true
    },
    "supports-preserve-symlinks-flag": {
      "version": "1.0.0",
      "resolved": "http://registry.m.jd.com/supports-preserve-symlinks-flag/download/supports-preserve-symlinks-flag-1.0.0.tgz",
      "integrity": "sha1-btpL00SjyUrqN21MwxvHcxEDngk=",
      "dev": true
    },
    "through": {
      "version": "2.3.8",
      "resolved": "http://registry.m.jd.com/through/download/through-2.3.8.tgz",
      "integrity": "sha1-DdTJ/6q8NXlgsbckEV1+Doai4fU="
    },
    "to-object-path": {
      "version": "0.3.0",
      "resolved": "http://registry.m.jd.com/to-object-path/download/to-object-path-0.3.0.tgz",
      "integrity": "sha1-KXWIt7Dn4KwI4E5nL4XB9JmeF68=",
      "requires": {
        "kind-of": "^3.0.2"
      },
      "dependencies": {
        "kind-of": {
          "version": "3.2.2",
          "resolved": "http://registry.m.jd.com/kind-of/download/kind-of-3.2.2.tgz",
          "integrity": "sha1-MeohpzS6ubuw8yRm2JOupR5KPGQ=",
          "requires": {
            "is-buffer": "^1.1.5"
          }
        }
      }
    },
    "tslib": {
      "version": "2.4.1",
      "resolved": "http://registry.m.jd.com/tslib/download/tslib-2.4.1.tgz",
      "integrity": "sha1-DQv7qsKIC5HiLfB2jlW+l1OlsX4=",
      "dev": true
    },
    "typescript": {
      "version": "4.9.3",
      "resolved": "http://registry.m.jd.com/typescript/download/typescript-4.9.3.tgz",
      "integrity": "sha1-OuowfBdGuMOEQ12Kw2uKLlgNhds=",
      "dev": true
    },
    "universalify": {
      "version": "2.0.0",
      "resolved": "http://registry.m.jd.com/universalify/download/universalify-2.0.0.tgz",
      "integrity": "sha1-daSYTv7cSwiXXFrrc/Uw0C3yVxc=",
      "dev": true
    },
    "wrappy": {
      "version": "1.0.2",
      "resolved": "http://registry.m.jd.com/wrappy/download/wrappy-1.0.2.tgz",
      "integrity": "sha1-tSQ9jz7BqjXxNkYFvA0QNuMKtp8=",
      "dev": true
    },
    "yallist": {
      "version": "4.0.0",
      "resolved": "http://registry.m.jd.com/yallist/download/yallist-4.0.0.tgz",
      "integrity": "sha1-m7knkNnA7/7GO+c1GeEaNQGaOnI=",
      "dev": true
    }
  }
}
